DEPENDENCIES
  sendgrid_minitest-handler (~> 0.2)
  sendgrid_rbenv (~> 0.1)
  sendgrid_vagrant_base_box (~> 0.1)

GRAPH
  apt (2.6.0)
  build-essential (1.4.4)
  chef_handler (1.0.6)
  dmg (2.2.0)
  git (4.0.2)
    build-essential (>= 0.0.0)
    dmg (>= 0.0.0)
    runit (>= 1.0.0)
    windows (>= 0.0.0)
    yum (~> 3.0)
    yum-epel (>= 0.0.0)
  minitest-handler (1.2.1)
    chef_handler (>= 0.0.0)
  ohai (2.0.1)
  rbenv (1.7.1)
    apt (>= 0.0.0)
    build-essential (>= 0.0.0)
    git (>= 0.0.0)
    ohai (>= 1.1)
  runit (1.5.10)
    build-essential (>= 0.0.0)
    yum (~> 3.0)
    yum-epel (>= 0.0.0)
  sendgrid_build_essential (0.0.2)
    build-essential (~> 1.4)
  sendgrid_minitest-handler (0.2.3)
    minitest-handler (~> 1.2.1)
    sendgrid_build_essential (~> 0.0)
  sendgrid_rbenv (0.2.1)
    rbenv (~> 1.7)
  sendgrid_vagrant_base_box (0.1.0)
  windows (1.34.6)
    chef_handler (>= 0.0.0)
  yum (3.4.0)
  yum-epel (0.5.1)
    yum (~> 3.0)
